<?xml version="1.0" encoding="utf-8"?>
<Project ToolsVersion="4.0" xmlns="http://schemas.microsoft.com/developer/msbuild/2003">
  <ItemGroup>
    <ClCompile Include="guild_global.cpp" />
    <ClCompile Include="guild_control.cpp" />
    <ClCompile Include="main.cpp" />
    <ClCompile Include="supermutex.cpp" />
    <ClCompile Include="resources.cpp">
      <Filter>LSW</Filter>
    </ClCompile>
    <ClCompile Include="custom_events_data.cpp">
      <Filter>LSW</Filter>
    </ClCompile>
  </ItemGroup>
  <ItemGroup>
    <ClInclude Include="guild_global.h" />
    <ClInclude Include="guild_control.h" />
    <ClInclude Include="supermutex.h" />
    <ClInclude Include="custom_events_data.h">
      <Filter>LSW</Filter>
    </ClInclude>
    <ClInclude Include="resources.h">
      <Filter>LSW</Filter>
    </ClInclude>
  </ItemGroup>
  <ItemGroup>
    <Filter Include="LSW">
      <UniqueIdentifier>{57de9dbc-7658-4e19-b058-0c278227e42b}</UniqueIdentifier>
    </Filter>
    <Filter Include="ext ref">
      <UniqueIdentifier>{75953543-20c3-4678-97cd-2b3410808cb6}</UniqueIdentifier>
    </Filter>
  </ItemGroup>
</Project>